<?xml version="1.0" encoding="utf-8"?>
<Project ToolsVersion="4.0" xmlns="http://schemas.microsoft.com/developer/msbuild/2003">
  <ItemGroup>
    <Filter Include="Source Files">
      <UniqueIdentifier>{4FC737F1-C7A5-4376-A066-2A32D752A2FF}</UniqueIdentifier>
      <Extensions>cpp;c;cc;cxx;def;odl;idl;hpj;bat;asm;asmx</Extensions>
    </Filter>
    <Filter Include="Header Files">
      <UniqueIdentifier>{93995380-89BD-4b04-88EB-625FBE52EBFB}</UniqueIdentifier>
      <Extensions>h;hh;hpp;hxx;hm;inl;inc;xsd</Extensions>
    </Filter>
    <Filter Include="Resource Files">
      <UniqueIdentifier>{67DA6AB6-F800-4c08-8B7A-83BB121AAD01}</UniqueIdentifier>
      <Extensions>rc;ico;cur;bmp;dlg;rc2;rct;bin;rgs;gif;jpg;jpeg;jpe;resx;tiff;tif;png;wav;mfcribbon-ms</Extensions>
    </Filter>
  </ItemGroup>
  <ItemGroup>
    <ClCompile Include="src\main.cpp">
      <Filter>Source Files</Filter>
    </ClCompile>
    <ClCompile Include="src\app.cpp">
      <Filter>Source Files</Filter>
    </ClCompile>
    <ClCompile Include="src\input.cpp">
      <Filter>Source Files</Filter>
    </ClCompile>
    <ClCompile Include="src\obj_loader.cpp">
      <Filter>Source Files</Filter>
    </ClCompile>
    <ClCompile Include="src\texture.cpp">
      <Filter>Source Files</Filter>
    </ClCompile>
    <ClCompile Include="src\mesh.cpp">
      <Filter>Source Files</Filter>
    </ClCompile>
    <ClCompile Include="src\octree.cpp">
      <Filter>Source Files</Filter>
    </ClCompile>
    <ClCompile Include="src\voxelizer.cpp">
      <Filter>Source Files</Filter>
    </ClCompile>
  </ItemGroup>
  <ItemGroup>
    <ClInclude Include="src\app.h">
      <Filter>Header Files</Filter>
    </ClInclude>
    <ClInclude Include="src\transform.h">
      <Filter>Header Files</Filter>
    </ClInclude>
    <ClInclude Include="src\input.h">
      <Filter>Header Files</Filter>
    </ClInclude>
    <ClInclude Include="src\timer.h">
      <Filter>Header Files</Filter>
    </ClInclude>
    <ClInclude Include="src\obj_loader.h">
      <Filter>Header Files</Filter>
    </ClInclude>
    <ClInclude Include="src\types.h">
      <Filter>Header Files</Filter>
    </ClInclude>
    <ClInclude Include="src\texture.h">
      <Filter>Header Files</Filter>
    </ClInclude>
    <ClInclude Include="src\mesh.h">
      <Filter>Header Files</Filter>
    </ClInclude>
    <ClInclude Include="src\vertex.h">
      <Filter>Header Files</Filter>
    </ClInclude>
    <ClInclude Include="src\texture_manager.h">
      <Filter>Header Files</Filter>
    </ClInclude>
    <ClInclude Include="src\singleton.h">
      <Filter>Header Files</Filter>
    </ClInclude>
    <ClInclude Include="src\non_copyable.h">
      <Filter>Header Files</Filter>
    </ClInclude>
    <ClInclude Include="src\octree.h">
      <Filter>Header Files</Filter>
    </ClInclude>
    <ClInclude Include="src\morton.h">
      <Filter>Header Files</Filter>
    </ClInclude>
    <ClInclude Include="src\voxelizer.h">
      <Filter>Header Files</Filter>
    </ClInclude>
    <ClInclude Include="src\shader_helper.h">
      <Filter>Header Files</Filter>
    </ClInclude>
    <ClInclude Include="src\light.h">
      <Filter>Header Files</Filter>
    </ClInclude>
  </ItemGroup>
  <ItemGroup>
    <None Include="assets\shaders\voxel_shader.v.glsl" />
    <None Include="assets\shaders\mesh_shader.f.glsl" />
    <None Include="assets\shaders\mesh_shader.v.glsl" />
    <None Include="assets\shaders\shadow_mapping.f.glsl" />
    <None Include="assets\shaders\shadow_mapping.v.glsl" />
    <None Include="assets\shaders\test2.c.glsl" />
    <None Include="assets\shaders\voxel_shader.f.glsl" />
    <None Include="assets\shaders\voxelization\clear_octree.c.glsl" />
    <None Include="assets\shaders\voxelization\deferredVoxelization.c.glsl" />
    <None Include="assets\shaders\voxelization\generate_mipmap.c.glsl" />
    <None Include="assets\shaders\voxelization\generateVoxelVBO.c.glsl" />
    <None Include="assets\shaders\voxelization\init_voxelization.c.glsl" />
    <None Include="assets\shaders\voxelization\insert_light.c.glsl" />
    <None Include="assets\shaders\voxelization\octree_clear.c.glsl" />
    <None Include="assets\shaders\voxelization\shared.glsl" />
    <None Include="assets\shaders\voxelization\version.glsl" />
    <None Include="assets\shaders\voxelization\voxelization.f.glsl" />
    <None Include="assets\shaders\voxelization\voxelization.g.glsl" />
    <None Include="assets\shaders\voxelization\voxelization.v.glsl" />
  </ItemGroup>
</Project>